<Solution>
  <Folder Name="/Solution Items/">
    <File Path="docker-compose.yml" />
    <File Path="NuGet.Config" />
  </Folder>
  <Project Path="Disney.Api/Disney.Api.csproj" />
  <Project Path="Disney.Application/Disney.Application.csproj" />
  <Project Path="Disney.Domain/Disney.Domain.csproj" />
  <Project Path="Disney.Infrastructure/Disney.Infrastructure.csproj" />
  <Project Path="Disney.Tests/Disney.Tests.csproj" />
  <Project Path="Worker/Worker.csproj" />
</Solution>
